
Microsoft Visual Studio Solution File, Format Version 12.00
# Visual Studio Version 17
VisualStudioVersion = 17.6.33723.286
MinimumVisualStudioVersion = 10.0.40219.1
Project("{FAE04EC0-301F-11D3-BF4B-00C04F79EFBC}") = "improvements-of-structure-types", "improvements-of-structure-types.csproj", "{8B46429F-0022-47DC-831D-6F53B4C92CE7}"
EndProject
Global
	GlobalSection(SolutionConfigurationPlatforms) = preSolution
		Debug|Any CPU = Debug|Any CPU
		Release|Any CPU = Release|Any CPU
	EndGlobalSection
	GlobalSection(ProjectConfigurationPlatforms) = postSolution
		{8B46429F-0022-47DC-831D-6F53B4C92CE7}.Debug|Any CPU.ActiveCfg = Debug|Any CPU
		{8B46429F-0022-47DC-831D-6F53B4C92CE7}.Debug|Any CPU.Build.0 = Debug|Any CPU
		{8B46429F-0022-47DC-831D-6F53B4C92CE7}.Release|Any CPU.ActiveCfg = Release|Any CPU
		{8B46429F-0022-47DC-831D-6F53B4C92CE7}.Release|Any CPU.Build.0 = Release|Any CPU
	EndGlobalSection
	GlobalSection(SolutionProperties) = preSolution
		HideSolutionNode = FALSE
	EndGlobalSection
	GlobalSection(ExtensibilityGlobals) = postSolution
		SolutionGuid = {5302C2CD-4578-4C90-9794-CB2224C52AA6}
	EndGlobalSection
EndGlobal
